
Microsoft Visual Studio Solution File, Format Version 12.00
# Visual Studio 15
VisualStudioVersion = 15.0.26919.1
MinimumVisualStudioVersion = 10.0.40219.1
Project("{FAE04EC0-301F-11D3-BF4B-00C04F79EFBC}") = "AzureTest", "AzureTest\AzureTest.csproj", "{D77FEA6A-4CC1-490C-98C6-5E202C84C996}"
EndProject
Global
	GlobalSection(SolutionConfigurationPlatforms) = preSolution
		Debug|Any CPU = Debug|Any CPU
		Release|Any CPU = Release|Any CPU
	EndGlobalSection
	GlobalSection(ProjectConfigurationPlatforms) = postSolution
		{D77FEA6A-4CC1-490C-98C6-5E202C84C996}.Debug|Any CPU.ActiveCfg = Debug|Any CPU
		{D77FEA6A-4CC1-490C-98C6-5E202C84C996}.Debug|Any CPU.Build.0 = Debug|Any CPU
		{D77FEA6A-4CC1-490C-98C6-5E202C84C996}.Release|Any CPU.ActiveCfg = Release|Any CPU
		{D77FEA6A-4CC1-490C-98C6-5E202C84C996}.Release|Any CPU.Build.0 = Release|Any CPU
	EndGlobalSection
	GlobalSection(SolutionProperties) = preSolution
		HideSolutionNode = FALSE
	EndGlobalSection
	GlobalSection(ExtensibilityGlobals) = postSolution
		SolutionGuid = {F7A1F7B0-7780-4065-A177-3844A6A5A075}
	EndGlobalSection
EndGlobal
